// !$*UTF8*$!
{
	archiveVersion = 1;
	classes = {
	};
	objectVersion = 46;
	objects = {

/* Begin PBXBuildFile section */
		812650211AE4E7F4001A87BB /* config.h in Headers */ = {isa = PBXBuildFile; fileRef = 812650201AE4E7F4001A87BB /* config.h */; };
		812650281AE4E810001A87BB /* ev_vars.h in Headers */ = {isa = PBXBuildFile; fileRef = 812650221AE4E810001A87BB /* ev_vars.h */; };
		812650291AE4E810001A87BB /* ev_wrap.h in Headers */ = {isa = PBXBuildFile; fileRef = 812650231AE4E810001A87BB /* ev_wrap.h */; };
		8126502A1AE4E810001A87BB /* ev.c in Sources */ = {isa = PBXBuildFile; fileRef = 812650241AE4E810001A87BB /* ev.c */; };
		8126502B1AE4E810001A87BB /* ev.h in Headers */ = {isa = PBXBuildFile; fileRef = 812650251AE4E810001A87BB /* ev.h */; };
		8126502C1AE4E810001A87BB /* event.c in Sources */ = {isa = PBXBuildFile; fileRef = 812650261AE4E810001A87BB /* event.c */; };
		8126502D1AE4E810001A87BB /* event.h in Headers */ = {isa = PBXBuildFile; fileRef = 812650271AE4E810001A87BB /* event.h */; };
		812650301AE4E87A001A87BB /* commands.c in Sources */ = {isa = PBXBuildFile; fileRef = 8126502F1AE4E87A001A87BB /* commands.c */; };
		8126503A1AE4E892001A87BB /* allocator.c in Sources */ = {isa = PBXBuildFile; fileRef = 812650321AE4E892001A87BB /* allocator.c */; };
		8126503B1AE4E892001A87BB /* error.c in Sources */ = {isa = PBXBuildFile; fileRef = 812650331AE4E892001A87BB /* error.c */; };
		8126503C1AE4E892001A87BB /* gc.c in Sources */ = {isa = PBXBuildFile; fileRef = 812650341AE4E892001A87BB /* gc.c */; };
		8126503D1AE4E892001A87BB /* hash.c in Sources */ = {isa = PBXBuildFile; fileRef = 812650351AE4E892001A87BB /* hash.c */; };
		8126503E1AE4E892001A87BB /* ip-address.c in Sources */ = {isa = PBXBuildFile; fileRef = 812650361AE4E892001A87BB /* ip-address.c */; };
		8126503F1AE4E892001A87BB /* mempool.c in Sources */ = {isa = PBXBuildFile; fileRef = 812650371AE4E892001A87BB /* mempool.c */; };
		812650401AE4E892001A87BB /* timestamp.c in Sources */ = {isa = PBXBuildFile; fileRef = 812650381AE4E892001A87BB /* timestamp.c */; };
		812650411AE4E892001A87BB /* u128.c in Sources */ = {isa = PBXBuildFile; fileRef = 812650391AE4E892001A87BB /* u128.c */; };
		8126504C1AE4E8AA001A87BB /* array.c in Sources */ = {isa = PBXBuildFile; fileRef = 812650431AE4E8AA001A87BB /* array.c */; };
		8126504D1AE4E8AA001A87BB /* bitset.c in Sources */ = {isa = PBXBuildFile; fileRef = 812650441AE4E8AA001A87BB /* bitset.c */; };
		8126504E1AE4E8AA001A87BB /* buffer.c in Sources */ = {isa = PBXBuildFile; fileRef = 812650451AE4E8AA001A87BB /* buffer.c */; };
		8126504F1AE4E8AA001A87BB /* dllist.c in Sources */ = {isa = PBXBuildFile; fileRef = 812650461AE4E8AA001A87BB /* dllist.c */; };
		812650501AE4E8AA001A87BB /* file-stream.c in Sources */ = {isa = PBXBuildFile; fileRef = 812650471AE4E8AA001A87BB /* file-stream.c */; };
		812650511AE4E8AA001A87BB /* hash-table.c in Sources */ = {isa = PBXBuildFile; fileRef = 812650481AE4E8AA001A87BB /* hash-table.c */; };
		812650521AE4E8AA001A87BB /* managed-buffer.c in Sources */ = {isa = PBXBuildFile; fileRef = 812650491AE4E8AA001A87BB /* managed-buffer.c */; };
		812650531AE4E8AA001A87BB /* ring-buffer.c in Sources */ = {isa = PBXBuildFile; fileRef = 8126504A1AE4E8AA001A87BB /* ring-buffer.c */; };
		812650541AE4E8AA001A87BB /* slice.c in Sources */ = {isa = PBXBuildFile; fileRef = 8126504B1AE4E8AA001A87BB /* slice.c */; };
		812650571AE4E8BF001A87BB /* thread.c in Sources */ = {isa = PBXBuildFile; fileRef = 812650561AE4E8BF001A87BB /* thread.c */; };
		8126505F1AE4E8D8001A87BB /* directory-walker.c in Sources */ = {isa = PBXBuildFile; fileRef = 812650591AE4E8D8001A87BB /* directory-walker.c */; };
		812650601AE4E8D8001A87BB /* env.c in Sources */ = {isa = PBXBuildFile; fileRef = 8126505A1AE4E8D8001A87BB /* env.c */; };
		812650611AE4E8D8001A87BB /* exec.c in Sources */ = {isa = PBXBuildFile; fileRef = 8126505B1AE4E8D8001A87BB /* exec.c */; };
		812650621AE4E8D8001A87BB /* files.c in Sources */ = {isa = PBXBuildFile; fileRef = 8126505C1AE4E8D8001A87BB /* files.c */; };
		812650631AE4E8D8001A87BB /* process.c in Sources */ = {isa = PBXBuildFile; fileRef = 8126505D1AE4E8D8001A87BB /* process.c */; };
		812650641AE4E8D8001A87BB /* subprocess.c in Sources */ = {isa = PBXBuildFile; fileRef = 8126505E1AE4E8D8001A87BB /* subprocess.c */; };
		812650671AE4E8F5001A87BB /* general.c in Sources */ = {isa = PBXBuildFile; fileRef = 812650661AE4E8F5001A87BB /* general.c */; };
		812650701AE4E90E001A87BB /* assignments.c in Sources */ = {isa = PBXBuildFile; fileRef = 812650691AE4E90E001A87BB /* assignments.c */; };
		812650711AE4E90E001A87BB /* basics.c in Sources */ = {isa = PBXBuildFile; fileRef = 8126506A1AE4E90E001A87BB /* basics.c */; };
		812650721AE4E90E001A87BB /* bdd-iterator.c in Sources */ = {isa = PBXBuildFile; fileRef = 8126506B1AE4E90E001A87BB /* bdd-iterator.c */; };
		812650731AE4E90E001A87BB /* expanded.c in Sources */ = {isa = PBXBuildFile; fileRef = 8126506C1AE4E90E001A87BB /* expanded.c */; };
		812650741AE4E90E001A87BB /* reachable.c in Sources */ = {isa = PBXBuildFile; fileRef = 8126506D1AE4E90E001A87BB /* reachable.c */; };
		812650751AE4E90E001A87BB /* read.c in Sources */ = {isa = PBXBuildFile; fileRef = 8126506E1AE4E90E001A87BB /* read.c */; };
		812650761AE4E90E001A87BB /* write.c in Sources */ = {isa = PBXBuildFile; fileRef = 8126506F1AE4E90E001A87BB /* write.c */; };
		8126507E1AE4E926001A87BB /* allocation.c in Sources */ = {isa = PBXBuildFile; fileRef = 812650781AE4E926001A87BB /* allocation.c */; };
		8126507F1AE4E926001A87BB /* inspection.c in Sources */ = {isa = PBXBuildFile; fileRef = 812650791AE4E926001A87BB /* inspection.c */; };
		812650801AE4E926001A87BB /* ipv4_set.c in Sources */ = {isa = PBXBuildFile; fileRef = 8126507A1AE4E926001A87BB /* ipv4_set.c */; };
		812650811AE4E926001A87BB /* ipv6_set.c in Sources */ = {isa = PBXBuildFile; fileRef = 8126507B1AE4E926001A87BB /* ipv6_set.c */; };
		812650821AE4E926001A87BB /* iterator.c in Sources */ = {isa = PBXBuildFile; fileRef = 8126507C1AE4E926001A87BB /* iterator.c */; };
		812650831AE4E926001A87BB /* storage.c in Sources */ = {isa = PBXBuildFile; fileRef = 8126507D1AE4E926001A87BB /* storage.c */; };
		8126508A1AE4E941001A87BB /* allocation.c in Sources */ = {isa = PBXBuildFile; fileRef = 812650851AE4E941001A87BB /* allocation.c */; };
		8126508B1AE4E941001A87BB /* inspection.c in Sources */ = {isa = PBXBuildFile; fileRef = 812650861AE4E941001A87BB /* inspection.c */; };
		8126508C1AE4E941001A87BB /* ipv4_map.c in Sources */ = {isa = PBXBuildFile; fileRef = 812650871AE4E941001A87BB /* ipv4_map.c */; };
		8126508D1AE4E941001A87BB /* ipv6_map.c in Sources */ = {isa = PBXBuildFile; fileRef = 812650881AE4E941001A87BB /* ipv6_map.c */; };
		8126508E1AE4E941001A87BB /* storage.c in Sources */ = {isa = PBXBuildFile; fileRef = 812650891AE4E941001A87BB /* storage.c */; };
		812650A11AE4E976001A87BB /* udns_bl.c in Sources */ = {isa = PBXBuildFile; fileRef = 812650901AE4E976001A87BB /* udns_bl.c */; };
		812650A21AE4E976001A87BB /* udns_codes.c in Sources */ = {isa = PBXBuildFile; fileRef = 812650911AE4E976001A87BB /* udns_codes.c */; };
		812650A31AE4E976001A87BB /* udns_dn.c in Sources */ = {isa = PBXBuildFile; fileRef = 812650921AE4E976001A87BB /* udns_dn.c */; };
		812650A41AE4E976001A87BB /* udns_dntosp.c in Sources */ = {isa = PBXBuildFile; fileRef = 812650931AE4E976001A87BB /* udns_dntosp.c */; };
		812650A51AE4E976001A87BB /* udns_init.c in Sources */ = {isa = PBXBuildFile; fileRef = 812650941AE4E976001A87BB /* udns_init.c */; };
		812650A61AE4E976001A87BB /* udns_jran.c in Sources */ = {isa = PBXBuildFile; fileRef = 812650951AE4E976001A87BB /* udns_jran.c */; };
		812650A71AE4E976001A87BB /* udns_misc.c in Sources */ = {isa = PBXBuildFile; fileRef = 812650961AE4E976001A87BB /* udns_misc.c */; };
		812650A81AE4E976001A87BB /* udns_parse.c in Sources */ = {isa = PBXBuildFile; fileRef = 812650971AE4E976001A87BB /* udns_parse.c */; };
		812650A91AE4E976001A87BB /* udns_resolver.c in Sources */ = {isa = PBXBuildFile; fileRef = 812650981AE4E976001A87BB /* udns_resolver.c */; };
		812650AA1AE4E976001A87BB /* udns_rr_a.c in Sources */ = {isa = PBXBuildFile; fileRef = 812650991AE4E976001A87BB /* udns_rr_a.c */; };
		812650AB1AE4E976001A87BB /* udns_rr_mx.c in Sources */ = {isa = PBXBuildFile; fileRef = 8126509A1AE4E976001A87BB /* udns_rr_mx.c */; };
		812650AC1AE4E976001A87BB /* udns_rr_naptr.c in Sources */ = {isa = PBXBuildFile; fileRef = 8126509B1AE4E976001A87BB /* udns_rr_naptr.c */; };
		812650AD1AE4E976001A87BB /* udns_rr_ptr.c in Sources */ = {isa = PBXBuildFile; fileRef = 8126509C1AE4E976001A87BB /* udns_rr_ptr.c */; };
		812650AE1AE4E976001A87BB /* udns_rr_srv.c in Sources */ = {isa = PBXBuildFile; fileRef = 8126509D1AE4E976001A87BB /* udns_rr_srv.c */; };
		812650AF1AE4E976001A87BB /* udns_rr_txt.c in Sources */ = {isa = PBXBuildFile; fileRef = 8126509E1AE4E976001A87BB /* udns_rr_txt.c */; };
		812650B01AE4E976001A87BB /* udns_XtoX.c in Sources */ = {isa = PBXBuildFile; fileRef = 8126509F1AE4E976001A87BB /* udns_XtoX.c */; };
		812650B11AE4E976001A87BB /* udns.h in Headers */ = {isa = PBXBuildFile; fileRef = 812650A01AE4E976001A87BB /* udns.h */; };
		812650CB1AE4E9AB001A87BB /* acl.c in Sources */ = {isa = PBXBuildFile; fileRef = 812650B31AE4E9AB001A87BB /* acl.c */; };
		812650CC1AE4E9AB001A87BB /* acl.h in Headers */ = {isa = PBXBuildFile; fileRef = 812650B41AE4E9AB001A87BB /* acl.h */; };
		812650CD1AE4E9AB001A87BB /* cache.c in Sources */ = {isa = PBXBuildFile; fileRef = 812650B51AE4E9AB001A87BB /* cache.c */; };
		812650CE1AE4E9AB001A87BB /* cache.h in Headers */ = {isa = PBXBuildFile; fileRef = 812650B61AE4E9AB001A87BB /* cache.h */; };
		812650CF1AE4E9AB001A87BB /* common.h in Headers */ = {isa = PBXBuildFile; fileRef = 812650B71AE4E9AB001A87BB /* common.h */; };
		812650D01AE4E9AB001A87BB /* encrypt.c in Sources */ = {isa = PBXBuildFile; fileRef = 812650B81AE4E9AB001A87BB /* encrypt.c */; };
		812650D11AE4E9AB001A87BB /* encrypt.h in Headers */ = {isa = PBXBuildFile; fileRef = 812650B91AE4E9AB001A87BB /* encrypt.h */; };
		812650D21AE4E9AB001A87BB /* jconf.c in Sources */ = {isa = PBXBuildFile; fileRef = 812650BA1AE4E9AB001A87BB /* jconf.c */; };
		812650D31AE4E9AB001A87BB /* jconf.h in Headers */ = {isa = PBXBuildFile; fileRef = 812650BB1AE4E9AB001A87BB /* jconf.h */; };
		812650D41AE4E9AB001A87BB /* json.c in Sources */ = {isa = PBXBuildFile; fileRef = 812650BC1AE4E9AB001A87BB /* json.c */; };
		812650D51AE4E9AB001A87BB /* json.h in Headers */ = {isa = PBXBuildFile; fileRef = 812650BD1AE4E9AB001A87BB /* json.h */; };
		812650D61AE4E9AB001A87BB /* local.c in Sources */ = {isa = PBXBuildFile; fileRef = 812650BE1AE4E9AB001A87BB /* local.c */; };
		812650D71AE4E9AB001A87BB /* local.h in Headers */ = {isa = PBXBuildFile; fileRef = 812650BF1AE4E9AB001A87BB /* local.h */; };
		812650D81AE4E9AB001A87BB /* netutils.c in Sources */ = {isa = PBXBuildFile; fileRef = 812650C01AE4E9AB001A87BB /* netutils.c */; };
		812650D91AE4E9AB001A87BB /* netutils.h in Headers */ = {isa = PBXBuildFile; fileRef = 812650C11AE4E9AB001A87BB /* netutils.h */; };
		812650DA1AE4E9AB001A87BB /* resolv.c in Sources */ = {isa = PBXBuildFile; fileRef = 812650C21AE4E9AB001A87BB /* resolv.c */; };
		812650DB1AE4E9AB001A87BB /* resolv.h in Headers */ = {isa = PBXBuildFile; fileRef = 812650C31AE4E9AB001A87BB /* resolv.h */; };
		812650DC1AE4E9AB001A87BB /* shadowsocks.h in Headers */ = {isa = PBXBuildFile; fileRef = 812650C41AE4E9AB001A87BB /* shadowsocks.h */; };
		812650DD1AE4E9AB001A87BB /* socks5.h in Headers */ = {isa = PBXBuildFile; fileRef = 812650C51AE4E9AB001A87BB /* socks5.h */; };
		812650DE1AE4E9AB001A87BB /* udprelay.c in Sources */ = {isa = PBXBuildFile; fileRef = 812650C61AE4E9AB001A87BB /* udprelay.c */; };
		812650DF1AE4E9AB001A87BB /* udprelay.h in Headers */ = {isa = PBXBuildFile; fileRef = 812650C71AE4E9AB001A87BB /* udprelay.h */; };
		812650E01AE4E9AB001A87BB /* uthash.h in Headers */ = {isa = PBXBuildFile; fileRef = 812650C81AE4E9AB001A87BB /* uthash.h */; };
		812650E11AE4E9AB001A87BB /* utils.c in Sources */ = {isa = PBXBuildFile; fileRef = 812650C91AE4E9AB001A87BB /* utils.c */; };
		812650E21AE4E9AB001A87BB /* utils.h in Headers */ = {isa = PBXBuildFile; fileRef = 812650CA1AE4E9AB001A87BB /* utils.h */; };
		812651691AE502D6001A87BB /* libcrypto.a in Frameworks */ = {isa = PBXBuildFile; fileRef = 812651671AE502D6001A87BB /* libcrypto.a */; };
		8126516A1AE502D6001A87BB /* libssl.a in Frameworks */ = {isa = PBXBuildFile; fileRef = 812651681AE502D6001A87BB /* libssl.a */; };
/* End PBXBuildFile section */

/* Begin PBXFileReference section */
		812650171AE4E7A7001A87BB /* libshadowsocks-libev.a */ = {isa = PBXFileReference; explicitFileType = archive.ar; includeInIndex = 0; path = "libshadowsocks-libev.a"; sourceTree = BUILT_PRODUCTS_DIR; };
		812650201AE4E7F4001A87BB /* config.h */ = {isa = PBXFileReference; fileEncoding = 4; lastKnownFileType = sourcecode.c.h; name = config.h; path = "shadowsocks-libev/config.h"; sourceTree = "<group>"; };
		812650221AE4E810001A87BB /* ev_vars.h */ = {isa = PBXFileReference; fileEncoding = 4; lastKnownFileType = sourcecode.c.h; name = ev_vars.h; path = "shadowsocks-libev/libev/ev_vars.h"; sourceTree = "<group>"; };
		812650231AE4E810001A87BB /* ev_wrap.h */ = {isa = PBXFileReference; fileEncoding = 4; lastKnownFileType = sourcecode.c.h; name = ev_wrap.h; path = "shadowsocks-libev/libev/ev_wrap.h"; sourceTree = "<group>"; };
		812650241AE4E810001A87BB /* ev.c */ = {isa = PBXFileReference; fileEncoding = 4; lastKnownFileType = sourcecode.c.c; name = ev.c; path = "shadowsocks-libev/libev/ev.c"; sourceTree = "<group>"; };
		812650251AE4E810001A87BB /* ev.h */ = {isa = PBXFileReference; fileEncoding = 4; lastKnownFileType = sourcecode.c.h; name = ev.h; path = "shadowsocks-libev/libev/ev.h"; sourceTree = "<group>"; };
		812650261AE4E810001A87BB /* event.c */ = {isa = PBXFileReference; fileEncoding = 4; lastKnownFileType = sourcecode.c.c; name = event.c; path = "shadowsocks-libev/libev/event.c"; sourceTree = "<group>"; };
		812650271AE4E810001A87BB /* event.h */ = {isa = PBXFileReference; fileEncoding = 4; lastKnownFileType = sourcecode.c.h; name = event.h; path = "shadowsocks-libev/libev/event.h"; sourceTree = "<group>"; };
		8126502F1AE4E87A001A87BB /* commands.c */ = {isa = PBXFileReference; fileEncoding = 4; lastKnownFileType = sourcecode.c.c; name = commands.c; path = "shadowsocks-libev/libcork/cli/commands.c"; sourceTree = "<group>"; };
		812650321AE4E892001A87BB /* allocator.c */ = {isa = PBXFileReference; fileEncoding = 4; lastKnownFileType = sourcecode.c.c; name = allocator.c; path = "shadowsocks-libev/libcork/core/allocator.c"; sourceTree = "<group>"; };
		812650331AE4E892001A87BB /* error.c */ = {isa = PBXFileReference; fileEncoding = 4; lastKnownFileType = sourcecode.c.c; name = error.c; path = "shadowsocks-libev/libcork/core/error.c"; sourceTree = "<group>"; };
		812650341AE4E892001A87BB /* gc.c */ = {isa = PBXFileReference; fileEncoding = 4; lastKnownFileType = sourcecode.c.c; name = gc.c; path = "shadowsocks-libev/libcork/core/gc.c"; sourceTree = "<group>"; };
		812650351AE4E892001A87BB /* hash.c */ = {isa = PBXFileReference; fileEncoding = 4; lastKnownFileType = sourcecode.c.c; name = hash.c; path = "shadowsocks-libev/libcork/core/hash.c"; sourceTree = "<group>"; };
		812650361AE4E892001A87BB /* ip-address.c */ = {isa = PBXFileReference; fileEncoding = 4; lastKnownFileType = sourcecode.c.c; name = "ip-address.c"; path = "shadowsocks-libev/libcork/core/ip-address.c"; sourceTree = "<group>"; };
		812650371AE4E892001A87BB /* mempool.c */ = {isa = PBXFileReference; fileEncoding = 4; lastKnownFileType = sourcecode.c.c; name = mempool.c; path = "shadowsocks-libev/libcork/core/mempool.c"; sourceTree = "<group>"; };
		812650381AE4E892001A87BB /* timestamp.c */ = {isa = PBXFileReference; fileEncoding = 4; lastKnownFileType = sourcecode.c.c; name = timestamp.c; path = "shadowsocks-libev/libcork/core/timestamp.c"; sourceTree = "<group>"; };
		812650391AE4E892001A87BB /* u128.c */ = {isa = PBXFileReference; fileEncoding = 4; lastKnownFileType = sourcecode.c.c; name = u128.c; path = "shadowsocks-libev/libcork/core/u128.c"; sourceTree = "<group>"; };
		812650431AE4E8AA001A87BB /* array.c */ = {isa = PBXFileReference; fileEncoding = 4; lastKnownFileType = sourcecode.c.c; name = array.c; path = "shadowsocks-libev/libcork/ds/array.c"; sourceTree = "<group>"; };
		812650441AE4E8AA001A87BB /* bitset.c */ = {isa = PBXFileReference; fileEncoding = 4; lastKnownFileType = sourcecode.c.c; name = bitset.c; path = "shadowsocks-libev/libcork/ds/bitset.c"; sourceTree = "<group>"; };
		812650451AE4E8AA001A87BB /* buffer.c */ = {isa = PBXFileReference; fileEncoding = 4; lastKnownFileType = sourcecode.c.c; name = buffer.c; path = "shadowsocks-libev/libcork/ds/buffer.c"; sourceTree = "<group>"; };
		812650461AE4E8AA001A87BB /* dllist.c */ = {isa = PBXFileReference; fileEncoding = 4; lastKnownFileType = sourcecode.c.c; name = dllist.c; path = "shadowsocks-libev/libcork/ds/dllist.c"; sourceTree = "<group>"; };
		812650471AE4E8AA001A87BB /* file-stream.c */ = {isa = PBXFileReference; fileEncoding = 4; lastKnownFileType = sourcecode.c.c; name = "file-stream.c"; path = "shadowsocks-libev/libcork/ds/file-stream.c"; sourceTree = "<group>"; };
		812650481AE4E8AA001A87BB /* hash-table.c */ = {isa = PBXFileReference; fileEncoding = 4; lastKnownFileType = sourcecode.c.c; name = "hash-table.c"; path = "shadowsocks-libev/libcork/ds/hash-table.c"; sourceTree = "<group>"; };
		812650491AE4E8AA001A87BB /* managed-buffer.c */ = {isa = PBXFileReference; fileEncoding = 4; lastKnownFileType = sourcecode.c.c; name = "managed-buffer.c"; path = "shadowsocks-libev/libcork/ds/managed-buffer.c"; sourceTree = "<group>"; };
		8126504A1AE4E8AA001A87BB /* ring-buffer.c */ = {isa = PBXFileReference; fileEncoding = 4; lastKnownFileType = sourcecode.c.c; name = "ring-buffer.c"; path = "shadowsocks-libev/libcork/ds/ring-buffer.c"; sourceTree = "<group>"; };
		8126504B1AE4E8AA001A87BB /* slice.c */ = {isa = PBXFileReference; fileEncoding = 4; lastKnownFileType = sourcecode.c.c; name = slice.c; path = "shadowsocks-libev/libcork/ds/slice.c"; sourceTree = "<group>"; };
		812650561AE4E8BF001A87BB /* thread.c */ = {isa = PBXFileReference; fileEncoding = 4; lastKnownFileType = sourcecode.c.c; name = thread.c; path = "shadowsocks-libev/libcork/pthreads/thread.c"; sourceTree = "<group>"; };
		812650591AE4E8D8001A87BB /* directory-walker.c */ = {isa = PBXFileReference; fileEncoding = 4; lastKnownFileType = sourcecode.c.c; name = "directory-walker.c"; path = "shadowsocks-libev/libcork/posix/directory-walker.c"; sourceTree = "<group>"; };
		8126505A1AE4E8D8001A87BB /* env.c */ = {isa = PBXFileReference; fileEncoding = 4; lastKnownFileType = sourcecode.c.c; name = env.c; path = "shadowsocks-libev/libcork/posix/env.c"; sourceTree = "<group>"; };
		8126505B1AE4E8D8001A87BB /* exec.c */ = {isa = PBXFileReference; fileEncoding = 4; lastKnownFileType = sourcecode.c.c; name = exec.c; path = "shadowsocks-libev/libcork/posix/exec.c"; sourceTree = "<group>"; };
		8126505C1AE4E8D8001A87BB /* files.c */ = {isa = PBXFileReference; fileEncoding = 4; lastKnownFileType = sourcecode.c.c; name = files.c; path = "shadowsocks-libev/libcork/posix/files.c"; sourceTree = "<group>"; };
		8126505D1AE4E8D8001A87BB /* process.c */ = {isa = PBXFileReference; fileEncoding = 4; lastKnownFileType = sourcecode.c.c; name = process.c; path = "shadowsocks-libev/libcork/posix/process.c"; sourceTree = "<group>"; };
		8126505E1AE4E8D8001A87BB /* subprocess.c */ = {isa = PBXFileReference; fileEncoding = 4; lastKnownFileType = sourcecode.c.c; name = subprocess.c; path = "shadowsocks-libev/libcork/posix/subprocess.c"; sourceTree = "<group>"; };
		812650661AE4E8F5001A87BB /* general.c */ = {isa = PBXFileReference; fileEncoding = 4; lastKnownFileType = sourcecode.c.c; name = general.c; path = "shadowsocks-libev/libipset/general.c"; sourceTree = "<group>"; };
		812650691AE4E90E001A87BB /* assignments.c */ = {isa = PBXFileReference; fileEncoding = 4; lastKnownFileType = sourcecode.c.c; name = assignments.c; path = "shadowsocks-libev/libipset/bdd/assignments.c"; sourceTree = "<group>"; };
		8126506A1AE4E90E001A87BB /* basics.c */ = {isa = PBXFileReference; fileEncoding = 4; lastKnownFileType = sourcecode.c.c; name = basics.c; path = "shadowsocks-libev/libipset/bdd/basics.c"; sourceTree = "<group>"; };
		8126506B1AE4E90E001A87BB /* bdd-iterator.c */ = {isa = PBXFileReference; fileEncoding = 4; lastKnownFileType = sourcecode.c.c; name = "bdd-iterator.c"; path = "shadowsocks-libev/libipset/bdd/bdd-iterator.c"; sourceTree = "<group>"; };
		8126506C1AE4E90E001A87BB /* expanded.c */ = {isa = PBXFileReference; fileEncoding = 4; lastKnownFileType = sourcecode.c.c; name = expanded.c; path = "shadowsocks-libev/libipset/bdd/expanded.c"; sourceTree = "<group>"; };
		8126506D1AE4E90E001A87BB /* reachable.c */ = {isa = PBXFileReference; fileEncoding = 4; lastKnownFileType = sourcecode.c.c; name = reachable.c; path = "shadowsocks-libev/libipset/bdd/reachable.c"; sourceTree = "<group>"; };
		8126506E1AE4E90E001A87BB /* read.c */ = {isa = PBXFileReference; fileEncoding = 4; lastKnownFileType = sourcecode.c.c; name = read.c; path = "shadowsocks-libev/libipset/bdd/read.c"; sourceTree = "<group>"; };
		8126506F1AE4E90E001A87BB /* write.c */ = {isa = PBXFileReference; fileEncoding = 4; lastKnownFileType = sourcecode.c.c; name = write.c; path = "shadowsocks-libev/libipset/bdd/write.c"; sourceTree = "<group>"; };
		812650781AE4E926001A87BB /* allocation.c */ = {isa = PBXFileReference; fileEncoding = 4; lastKnownFileType = sourcecode.c.c; name = allocation.c; path = "shadowsocks-libev/libipset/set/allocation.c"; sourceTree = "<group>"; };
		812650791AE4E926001A87BB /* inspection.c */ = {isa = PBXFileReference; fileEncoding = 4; lastKnownFileType = sourcecode.c.c; name = inspection.c; path = "shadowsocks-libev/libipset/set/inspection.c"; sourceTree = "<group>"; };
		8126507A1AE4E926001A87BB /* ipv4_set.c */ = {isa = PBXFileReference; fileEncoding = 4; lastKnownFileType = sourcecode.c.c; name = ipv4_set.c; path = "shadowsocks-libev/libipset/set/ipv4_set.c"; sourceTree = "<group>"; };
		8126507B1AE4E926001A87BB /* ipv6_set.c */ = {isa = PBXFileReference; fileEncoding = 4; lastKnownFileType = sourcecode.c.c; name = ipv6_set.c; path = "shadowsocks-libev/libipset/set/ipv6_set.c"; sourceTree = "<group>"; };
		8126507C1AE4E926001A87BB /* iterator.c */ = {isa = PBXFileReference; fileEncoding = 4; lastKnownFileType = sourcecode.c.c; name = iterator.c; path = "shadowsocks-libev/libipset/set/iterator.c"; sourceTree = "<group>"; };
		8126507D1AE4E926001A87BB /* storage.c */ = {isa = PBXFileReference; fileEncoding = 4; lastKnownFileType = sourcecode.c.c; name = storage.c; path = "shadowsocks-libev/libipset/set/storage.c"; sourceTree = "<group>"; };
		812650851AE4E941001A87BB /* allocation.c */ = {isa = PBXFileReference; fileEncoding = 4; lastKnownFileType = sourcecode.c.c; name = allocation.c; path = "shadowsocks-libev/libipset/map/allocation.c"; sourceTree = "<group>"; };
		812650861AE4E941001A87BB /* inspection.c */ = {isa = PBXFileReference; fileEncoding = 4; lastKnownFileType = sourcecode.c.c; name = inspection.c; path = "shadowsocks-libev/libipset/map/inspection.c"; sourceTree = "<group>"; };
		812650871AE4E941001A87BB /* ipv4_map.c */ = {isa = PBXFileReference; fileEncoding = 4; lastKnownFileType = sourcecode.c.c; name = ipv4_map.c; path = "shadowsocks-libev/libipset/map/ipv4_map.c"; sourceTree = "<group>"; };
		812650881AE4E941001A87BB /* ipv6_map.c */ = {isa = PBXFileReference; fileEncoding = 4; lastKnownFileType = sourcecode.c.c; name = ipv6_map.c; path = "shadowsocks-libev/libipset/map/ipv6_map.c"; sourceTree = "<group>"; };
		812650891AE4E941001A87BB /* storage.c */ = {isa = PBXFileReference; fileEncoding = 4; lastKnownFileType = sourcecode.c.c; name = storage.c; path = "shadowsocks-libev/libipset/map/storage.c"; sourceTree = "<group>"; };
		812650901AE4E976001A87BB /* udns_bl.c */ = {isa = PBXFileReference; fileEncoding = 4; lastKnownFileType = sourcecode.c.c; name = udns_bl.c; path = "shadowsocks-libev/libudns/udns_bl.c"; sourceTree = "<group>"; };
		812650911AE4E976001A87BB /* udns_codes.c */ = {isa = PBXFileReference; fileEncoding = 4; lastKnownFileType = sourcecode.c.c; name = udns_codes.c; path = "shadowsocks-libev/libudns/udns_codes.c"; sourceTree = "<group>"; };
		812650921AE4E976001A87BB /* udns_dn.c */ = {isa = PBXFileReference; fileEncoding = 4; lastKnownFileType = sourcecode.c.c; name = udns_dn.c; path = "shadowsocks-libev/libudns/udns_dn.c"; sourceTree = "<group>"; };
		812650931AE4E976001A87BB /* udns_dntosp.c */ = {isa = PBXFileReference; fileEncoding = 4; lastKnownFileType = sourcecode.c.c; name = udns_dntosp.c; path = "shadowsocks-libev/libudns/udns_dntosp.c"; sourceTree = "<group>"; };
		812650941AE4E976001A87BB /* udns_init.c */ = {isa = PBXFileReference; fileEncoding = 4; lastKnownFileType = sourcecode.c.c; name = udns_init.c; path = "shadowsocks-libev/libudns/udns_init.c"; sourceTree = "<group>"; };
		812650951AE4E976001A87BB /* udns_jran.c */ = {isa = PBXFileReference; fileEncoding = 4; lastKnownFileType = sourcecode.c.c; name = udns_jran.c; path = "shadowsocks-libev/libudns/udns_jran.c"; sourceTree = "<group>"; };
		812650961AE4E976001A87BB /* udns_misc.c */ = {isa = PBXFileReference; fileEncoding = 4; lastKnownFileType = sourcecode.c.c; name = udns_misc.c; path = "shadowsocks-libev/libudns/udns_misc.c"; sourceTree = "<group>"; };
		812650971AE4E976001A87BB /* udns_parse.c */ = {isa = PBXFileReference; fileEncoding = 4; lastKnownFileType = sourcecode.c.c; name = udns_parse.c; path = "shadowsocks-libev/libudns/udns_parse.c"; sourceTree = "<group>"; };
		812650981AE4E976001A87BB /* udns_resolver.c */ = {isa = PBXFileReference; fileEncoding = 4; lastKnownFileType = sourcecode.c.c; name = udns_resolver.c; path = "shadowsocks-libev/libudns/udns_resolver.c"; sourceTree = "<group>"; };
		812650991AE4E976001A87BB /* udns_rr_a.c */ = {isa = PBXFileReference; fileEncoding = 4; lastKnownFileType = sourcecode.c.c; name = udns_rr_a.c; path = "shadowsocks-libev/libudns/udns_rr_a.c"; sourceTree = "<group>"; };
		8126509A1AE4E976001A87BB /* udns_rr_mx.c */ = {isa = PBXFileReference; fileEncoding = 4; lastKnownFileType = sourcecode.c.c; name = udns_rr_mx.c; path = "shadowsocks-libev/libudns/udns_rr_mx.c"; sourceTree = "<group>"; };
		8126509B1AE4E976001A87BB /* udns_rr_naptr.c */ = {isa = PBXFileReference; fileEncoding = 4; lastKnownFileType = sourcecode.c.c; name = udns_rr_naptr.c; path = "shadowsocks-libev/libudns/udns_rr_naptr.c"; sourceTree = "<group>"; };
		8126509C1AE4E976001A87BB /* udns_rr_ptr.c */ = {isa = PBXFileReference; fileEncoding = 4; lastKnownFileType = sourcecode.c.c; name = udns_rr_ptr.c; path = "shadowsocks-libev/libudns/udns_rr_ptr.c"; sourceTree = "<group>"; };
		8126509D1AE4E976001A87BB /* udns_rr_srv.c */ = {isa = PBXFileReference; fileEncoding = 4; lastKnownFileType = sourcecode.c.c; name = udns_rr_srv.c; path = "shadowsocks-libev/libudns/udns_rr_srv.c"; sourceTree = "<group>"; };
		8126509E1AE4E976001A87BB /* udns_rr_txt.c */ = {isa = PBXFileReference; fileEncoding = 4; lastKnownFileType = sourcecode.c.c; name = udns_rr_txt.c; path = "shadowsocks-libev/libudns/udns_rr_txt.c"; sourceTree = "<group>"; };
		8126509F1AE4E976001A87BB /* udns_XtoX.c */ = {isa = PBXFileReference; fileEncoding = 4; lastKnownFileType = sourcecode.c.c; name = udns_XtoX.c; path = "shadowsocks-libev/libudns/udns_XtoX.c"; sourceTree = "<group>"; };
		812650A01AE4E976001A87BB /* udns.h */ = {isa = PBXFileReference; fileEncoding = 4; lastKnownFileType = sourcecode.c.h; name = udns.h; path = "shadowsocks-libev/libudns/udns.h"; sourceTree = "<group>"; };
		812650B31AE4E9AB001A87BB /* acl.c */ = {isa = PBXFileReference; fileEncoding = 4; lastKnownFileType = sourcecode.c.c; name = acl.c; path = "shadowsocks-libev/src/acl.c"; sourceTree = "<group>"; };
		812650B41AE4E9AB001A87BB /* acl.h */ = {isa = PBXFileReference; fileEncoding = 4; lastKnownFileType = sourcecode.c.h; name = acl.h; path = "shadowsocks-libev/src/acl.h"; sourceTree = "<group>"; };
		812650B51AE4E9AB001A87BB /* cache.c */ = {isa = PBXFileReference; fileEncoding = 4; lastKnownFileType = sourcecode.c.c; name = cache.c; path = "shadowsocks-libev/src/cache.c"; sourceTree = "<group>"; };
		812650B61AE4E9AB001A87BB /* cache.h */ = {isa = PBXFileReference; fileEncoding = 4; lastKnownFileType = sourcecode.c.h; name = cache.h; path = "shadowsocks-libev/src/cache.h"; sourceTree = "<group>"; };
		812650B71AE4E9AB001A87BB /* common.h */ = {isa = PBXFileReference; fileEncoding = 4; lastKnownFileType = sourcecode.c.h; name = common.h; path = "shadowsocks-libev/src/common.h"; sourceTree = "<group>"; };
		812650B81AE4E9AB001A87BB /* encrypt.c */ = {isa = PBXFileReference; fileEncoding = 4; lastKnownFileType = sourcecode.c.c; name = encrypt.c; path = "shadowsocks-libev/src/encrypt.c"; sourceTree = "<group>"; };
		812650B91AE4E9AB001A87BB /* encrypt.h */ = {isa = PBXFileReference; fileEncoding = 4; lastKnownFileType = sourcecode.c.h; name = encrypt.h; path = "shadowsocks-libev/src/encrypt.h"; sourceTree = "<group>"; };
		812650BA1AE4E9AB001A87BB /* jconf.c */ = {isa = PBXFileReference; fileEncoding = 4; lastKnownFileType = sourcecode.c.c; name = jconf.c; path = "shadowsocks-libev/src/jconf.c"; sourceTree = "<group>"; };
		812650BB1AE4E9AB001A87BB /* jconf.h */ = {isa = PBXFileReference; fileEncoding = 4; lastKnownFileType = sourcecode.c.h; name = jconf.h; path = "shadowsocks-libev/src/jconf.h"; sourceTree = "<group>"; };
		812650BC1AE4E9AB001A87BB /* json.c */ = {isa = PBXFileReference; fileEncoding = 4; lastKnownFileType = sourcecode.c.c; name = json.c; path = "shadowsocks-libev/src/json.c"; sourceTree = "<group>"; };
		812650BD1AE4E9AB001A87BB /* json.h */ = {isa = PBXFileReference; fileEncoding = 4; lastKnownFileType = sourcecode.c.h; name = json.h; path = "shadowsocks-libev/src/json.h"; sourceTree = "<group>"; };
		812650BE1AE4E9AB001A87BB /* local.c */ = {isa = PBXFileReference; fileEncoding = 4; lastKnownFileType = sourcecode.c.c; name = local.c; path = "shadowsocks-libev/src/local.c"; sourceTree = "<group>"; };
		812650BF1AE4E9AB001A87BB /* local.h */ = {isa = PBXFileReference; fileEncoding = 4; lastKnownFileType = sourcecode.c.h; name = local.h; path = "shadowsocks-libev/src/local.h"; sourceTree = "<group>"; };
		812650C01AE4E9AB001A87BB /* netutils.c */ = {isa = PBXFileReference; fileEncoding = 4; lastKnownFileType = sourcecode.c.c; name = netutils.c; path = "shadowsocks-libev/src/netutils.c"; sourceTree = "<group>"; };
		812650C11AE4E9AB001A87BB /* netutils.h */ = {isa = PBXFileReference; fileEncoding = 4; lastKnownFileType = sourcecode.c.h; name = netutils.h; path = "shadowsocks-libev/src/netutils.h"; sourceTree = "<group>"; };
		812650C21AE4E9AB001A87BB /* resolv.c */ = {isa = PBXFileReference; fileEncoding = 4; lastKnownFileType = sourcecode.c.c; name = resolv.c; path = "shadowsocks-libev/src/resolv.c"; sourceTree = "<group>"; };
		812650C31AE4E9AB001A87BB /* resolv.h */ = {isa = PBXFileReference; fileEncoding = 4; lastKnownFileType = sourcecode.c.h; name = resolv.h; path = "shadowsocks-libev/src/resolv.h"; sourceTree = "<group>"; };
		812650C41AE4E9AB001A87BB /* shadowsocks.h */ = {isa = PBXFileReference; fileEncoding = 4; lastKnownFileType = sourcecode.c.h; name = shadowsocks.h; path = "shadowsocks-libev/src/shadowsocks.h"; sourceTree = "<group>"; };
		812650C51AE4E9AB001A87BB /* socks5.h */ = {isa = PBXFileReference; fileEncoding = 4; lastKnownFileType = sourcecode.c.h; name = socks5.h; path = "shadowsocks-libev/src/socks5.h"; sourceTree = "<group>"; };
		812650C61AE4E9AB001A87BB /* udprelay.c */ = {isa = PBXFileReference; fileEncoding = 4; lastKnownFileType = sourcecode.c.c; name = udprelay.c; path = "shadowsocks-libev/src/udprelay.c"; sourceTree = "<group>"; };
		812650C71AE4E9AB001A87BB /* udprelay.h */ = {isa = PBXFileReference; fileEncoding = 4; lastKnownFileType = sourcecode.c.h; name = udprelay.h; path = "shadowsocks-libev/src/udprelay.h"; sourceTree = "<group>"; };
		812650C81AE4E9AB001A87BB /* uthash.h */ = {isa = PBXFileReference; fileEncoding = 4; lastKnownFileType = sourcecode.c.h; name = uthash.h; path = "shadowsocks-libev/src/uthash.h"; sourceTree = "<group>"; };
		812650C91AE4E9AB001A87BB /* utils.c */ = {isa = PBXFileReference; fileEncoding = 4; lastKnownFileType = sourcecode.c.c; name = utils.c; path = "shadowsocks-libev/src/utils.c"; sourceTree = "<group>"; };
		812650CA1AE4E9AB001A87BB /* utils.h */ = {isa = PBXFileReference; fileEncoding = 4; lastKnownFileType = sourcecode.c.h; name = utils.h; path = "shadowsocks-libev/src/utils.h"; sourceTree = "<group>"; };
		812651671AE502D6001A87BB /* libcrypto.a */ = {isa = PBXFileReference; lastKnownFileType = archive.ar; name = libcrypto.a; path = "shadowsocks-libev/openssl/lib/libcrypto.a"; sourceTree = "<group>"; };
		812651681AE502D6001A87BB /* libssl.a */ = {isa = PBXFileReference; lastKnownFileType = archive.ar; name = libssl.a; path = "shadowsocks-libev/openssl/lib/libssl.a"; sourceTree = "<group>"; };
/* End PBXFileReference section */

/* Begin PBXFrameworksBuildPhase section */
		812650141AE4E7A7001A87BB /* Frameworks */ = {
			isa = PBXFrameworksBuildPhase;
			buildActionMask = 2147483647;
			files = (
				8126516A1AE502D6001A87BB /* libssl.a in Frameworks */,
				812651691AE502D6001A87BB /* libcrypto.a in Frameworks */,
			);
			runOnlyForDeploymentPostprocessing = 0;
		};
/* End PBXFrameworksBuildPhase section */

/* Begin PBXGroup section */
		8126500E1AE4E7A7001A87BB = {
			isa = PBXGroup;
			children = (
				812650201AE4E7F4001A87BB /* config.h */,
				812651671AE502D6001A87BB /* libcrypto.a */,
				812651681AE502D6001A87BB /* libssl.a */,
				812650B21AE4E97D001A87BB /* src */,
				8126508F1AE4E94A001A87BB /* libudns */,
				812650651AE4E8E1001A87BB /* libipset */,
				8126501F1AE4E7E3001A87BB /* libcork */,
				8126501E1AE4E7DA001A87BB /* libev */,
				812650181AE4E7A7001A87BB /* Products */,
			);
			sourceTree = "<group>";
		};
		812650181AE4E7A7001A87BB /* Products */ = {
			isa = PBXGroup;
			children = (
				812650171AE4E7A7001A87BB /* libshadowsocks-libev.a */,
			);
			name = Products;
			sourceTree = "<group>";
		};
		8126501E1AE4E7DA001A87BB /* libev */ = {
			isa = PBXGroup;
			children = (
				812650221AE4E810001A87BB /* ev_vars.h */,
				812650231AE4E810001A87BB /* ev_wrap.h */,
				812650241AE4E810001A87BB /* ev.c */,
				812650251AE4E810001A87BB /* ev.h */,
				812650261AE4E810001A87BB /* event.c */,
				812650271AE4E810001A87BB /* event.h */,
			);
			name = libev;
			sourceTree = "<group>";
		};
		8126501F1AE4E7E3001A87BB /* libcork */ = {
			isa = PBXGroup;
			children = (
				812650581AE4E8C5001A87BB /* posix */,
				812650551AE4E8AF001A87BB /* pthreads */,
				812650421AE4E897001A87BB /* ds */,
				812650311AE4E87E001A87BB /* core */,
				8126502E1AE4E86E001A87BB /* cli */,
			);
			name = libcork;
			sourceTree = "<group>";
		};
		8126502E1AE4E86E001A87BB /* cli */ = {
			isa = PBXGroup;
			children = (
				8126502F1AE4E87A001A87BB /* commands.c */,
			);
			name = cli;
			sourceTree = "<group>";
		};
		812650311AE4E87E001A87BB /* core */ = {
			isa = PBXGroup;
			children = (
				812650321AE4E892001A87BB /* allocator.c */,
				812650331AE4E892001A87BB /* error.c */,
				812650341AE4E892001A87BB /* gc.c */,
				812650351AE4E892001A87BB /* hash.c */,
				812650361AE4E892001A87BB /* ip-address.c */,
				812650371AE4E892001A87BB /* mempool.c */,
				812650381AE4E892001A87BB /* timestamp.c */,
				812650391AE4E892001A87BB /* u128.c */,
			);
			name = core;
			sourceTree = "<group>";
		};
		812650421AE4E897001A87BB /* ds */ = {
			isa = PBXGroup;
			children = (
				812650431AE4E8AA001A87BB /* array.c */,
				812650441AE4E8AA001A87BB /* bitset.c */,
				812650451AE4E8AA001A87BB /* buffer.c */,
				812650461AE4E8AA001A87BB /* dllist.c */,
				812650471AE4E8AA001A87BB /* file-stream.c */,
				812650481AE4E8AA001A87BB /* hash-table.c */,
				812650491AE4E8AA001A87BB /* managed-buffer.c */,
				8126504A1AE4E8AA001A87BB /* ring-buffer.c */,
				8126504B1AE4E8AA001A87BB /* slice.c */,
			);
			name = ds;
			sourceTree = "<group>";
		};
		812650551AE4E8AF001A87BB /* pthreads */ = {
			isa = PBXGroup;
			children = (
				812650561AE4E8BF001A87BB /* thread.c */,
			);
			name = pthreads;
			sourceTree = "<group>";
		};
		812650581AE4E8C5001A87BB /* posix */ = {
			isa = PBXGroup;
			children = (
				812650591AE4E8D8001A87BB /* directory-walker.c */,
				8126505A1AE4E8D8001A87BB /* env.c */,
				8126505B1AE4E8D8001A87BB /* exec.c */,
				8126505C1AE4E8D8001A87BB /* files.c */,
				8126505D1AE4E8D8001A87BB /* process.c */,
				8126505E1AE4E8D8001A87BB /* subprocess.c */,
			);
			name = posix;
			sourceTree = "<group>";
		};
		812650651AE4E8E1001A87BB /* libipset */ = {
			isa = PBXGroup;
			children = (
				812650841AE4E92B001A87BB /* map */,
				812650771AE4E912001A87BB /* set */,
				812650681AE4E8F8001A87BB /* bdd */,
				812650661AE4E8F5001A87BB /* general.c */,
			);
			name = libipset;
			sourceTree = "<group>";
		};
		812650681AE4E8F8001A87BB /* bdd */ = {
			isa = PBXGroup;
			children = (
				812650691AE4E90E001A87BB /* assignments.c */,
				8126506A1AE4E90E001A87BB /* basics.c */,
				8126506B1AE4E90E001A87BB /* bdd-iterator.c */,
				8126506C1AE4E90E001A87BB /* expanded.c */,
				8126506D1AE4E90E001A87BB /* reachable.c */,
				8126506E1AE4E90E001A87BB /* read.c */,
				8126506F1AE4E90E001A87BB /* write.c */,
			);
			name = bdd;
			sourceTree = "<group>";
		};
		812650771AE4E912001A87BB /* set */ = {
			isa = PBXGroup;
			children = (
				812650781AE4E926001A87BB /* allocation.c */,
				812650791AE4E926001A87BB /* inspection.c */,
				8126507A1AE4E926001A87BB /* ipv4_set.c */,
				8126507B1AE4E926001A87BB /* ipv6_set.c */,
				8126507C1AE4E926001A87BB /* iterator.c */,
				8126507D1AE4E926001A87BB /* storage.c */,
			);
			name = set;
			sourceTree = "<group>";
		};
		812650841AE4E92B001A87BB /* map */ = {
			isa = PBXGroup;
			children = (
				812650851AE4E941001A87BB /* allocation.c */,
				812650861AE4E941001A87BB /* inspection.c */,
				812650871AE4E941001A87BB /* ipv4_map.c */,
				812650881AE4E941001A87BB /* ipv6_map.c */,
				812650891AE4E941001A87BB /* storage.c */,
			);
			name = map;
			sourceTree = "<group>";
		};
		8126508F1AE4E94A001A87BB /* libudns */ = {
			isa = PBXGroup;
			children = (
				812650901AE4E976001A87BB /* udns_bl.c */,
				812650911AE4E976001A87BB /* udns_codes.c */,
				812650921AE4E976001A87BB /* udns_dn.c */,
				812650931AE4E976001A87BB /* udns_dntosp.c */,
				812650941AE4E976001A87BB /* udns_init.c */,
				812650951AE4E976001A87BB /* udns_jran.c */,
				812650961AE4E976001A87BB /* udns_misc.c */,
				812650971AE4E976001A87BB /* udns_parse.c */,
				812650981AE4E976001A87BB /* udns_resolver.c */,
				812650991AE4E976001A87BB /* udns_rr_a.c */,
				8126509A1AE4E976001A87BB /* udns_rr_mx.c */,
				8126509B1AE4E976001A87BB /* udns_rr_naptr.c */,
				8126509C1AE4E976001A87BB /* udns_rr_ptr.c */,
				8126509D1AE4E976001A87BB /* udns_rr_srv.c */,
				8126509E1AE4E976001A87BB /* udns_rr_txt.c */,
				8126509F1AE4E976001A87BB /* udns_XtoX.c */,
				812650A01AE4E976001A87BB /* udns.h */,
			);
			name = libudns;
			sourceTree = "<group>";
		};
		812650B21AE4E97D001A87BB /* src */ = {
			isa = PBXGroup;
			children = (
				812650B31AE4E9AB001A87BB /* acl.c */,
				812650B41AE4E9AB001A87BB /* acl.h */,
				812650B51AE4E9AB001A87BB /* cache.c */,
				812650B61AE4E9AB001A87BB /* cache.h */,
				812650B71AE4E9AB001A87BB /* common.h */,
				812650B81AE4E9AB001A87BB /* encrypt.c */,
				812650B91AE4E9AB001A87BB /* encrypt.h */,
				812650BA1AE4E9AB001A87BB /* jconf.c */,
				812650BB1AE4E9AB001A87BB /* jconf.h */,
				812650BC1AE4E9AB001A87BB /* json.c */,
				812650BD1AE4E9AB001A87BB /* json.h */,
				812650BE1AE4E9AB001A87BB /* local.c */,
				812650BF1AE4E9AB001A87BB /* local.h */,
				812650C01AE4E9AB001A87BB /* netutils.c */,
				812650C11AE4E9AB001A87BB /* netutils.h */,
				812650C21AE4E9AB001A87BB /* resolv.c */,
				812650C31AE4E9AB001A87BB /* resolv.h */,
				812650C41AE4E9AB001A87BB /* shadowsocks.h */,
				812650C51AE4E9AB001A87BB /* socks5.h */,
				812650C61AE4E9AB001A87BB /* udprelay.c */,
				812650C71AE4E9AB001A87BB /* udprelay.h */,
				812650C81AE4E9AB001A87BB /* uthash.h */,
				812650C91AE4E9AB001A87BB /* utils.c */,
				812650CA1AE4E9AB001A87BB /* utils.h */,
			);
			name = src;
			sourceTree = "<group>";
		};
/* End PBXGroup section */

/* Begin PBXHeadersBuildPhase section */
		812650151AE4E7A7001A87BB /* Headers */ = {
			isa = PBXHeadersBuildPhase;
			buildActionMask = 2147483647;
			files = (
				812650D91AE4E9AB001A87BB /* netutils.h in Headers */,
				812650E01AE4E9AB001A87BB /* uthash.h in Headers */,
				812650211AE4E7F4001A87BB /* config.h in Headers */,
				812650DB1AE4E9AB001A87BB /* resolv.h in Headers */,
				812650DD1AE4E9AB001A87BB /* socks5.h in Headers */,
				812650D31AE4E9AB001A87BB /* jconf.h in Headers */,
				812650CF1AE4E9AB001A87BB /* common.h in Headers */,
				812650CE1AE4E9AB001A87BB /* cache.h in Headers */,
				8126502B1AE4E810001A87BB /* ev.h in Headers */,
				812650CC1AE4E9AB001A87BB /* acl.h in Headers */,
				812650E21AE4E9AB001A87BB /* utils.h in Headers */,
				812650D51AE4E9AB001A87BB /* json.h in Headers */,
				812650B11AE4E976001A87BB /* udns.h in Headers */,
				812650291AE4E810001A87BB /* ev_wrap.h in Headers */,
				812650281AE4E810001A87BB /* ev_vars.h in Headers */,
				812650DC1AE4E9AB001A87BB /* shadowsocks.h in Headers */,
				812650D71AE4E9AB001A87BB /* local.h in Headers */,
				812650D11AE4E9AB001A87BB /* encrypt.h in Headers */,
				812650DF1AE4E9AB001A87BB /* udprelay.h in Headers */,
				8126502D1AE4E810001A87BB /* event.h in Headers */,
			);
			runOnlyForDeploymentPostprocessing = 0;
		};
/* End PBXHeadersBuildPhase section */

/* Begin PBXNativeTarget section */
		812650161AE4E7A7001A87BB /* shadowsocks-libev */ = {
			isa = PBXNativeTarget;
			buildConfigurationList = 8126501B1AE4E7A7001A87BB /* Build configuration list for PBXNativeTarget "shadowsocks-libev" */;
			buildPhases = (
				812650131AE4E7A7001A87BB /* Sources */,
				812650141AE4E7A7001A87BB /* Frameworks */,
				812650151AE4E7A7001A87BB /* Headers */,
			);
			buildRules = (
			);
			dependencies = (
			);
			name = "shadowsocks-libev";
			productName = "shadowsocks-libev";
			productReference = 812650171AE4E7A7001A87BB /* libshadowsocks-libev.a */;
			productType = "com.apple.product-type.library.static";
		};
/* End PBXNativeTarget section */

/* Begin PBXProject section */
		8126500F1AE4E7A7001A87BB /* Project object */ = {
			isa = PBXProject;
			attributes = {
				LastUpgradeCheck = 0630;
				ORGANIZATIONNAME = taichi;
				TargetAttributes = {
					812650161AE4E7A7001A87BB = {
						CreatedOnToolsVersion = 6.3;
					};
				};
			};
			buildConfigurationList = 812650121AE4E7A7001A87BB /* Build configuration list for PBXProject "shadowsocks-libev" */;
			compatibilityVersion = "Xcode 3.2";
			developmentRegion = English;
			hasScannedForEncodings = 0;
			knownRegions = (
				en,
			);
			mainGroup = 8126500E1AE4E7A7001A87BB;
			productRefGroup = 812650181AE4E7A7001A87BB /* Products */;
			projectDirPath = "";
			projectRoot = "";
			targets = (
				812650161AE4E7A7001A87BB /* shadowsocks-libev */,
			);
		};
/* End PBXProject section */

/* Begin PBXSourcesBuildPhase section */
		812650131AE4E7A7001A87BB /* Sources */ = {
			isa = PBXSourcesBuildPhase;
			buildActionMask = 2147483647;
			files = (
				812650AD1AE4E976001A87BB /* udns_rr_ptr.c in Sources */,
				8126503F1AE4E892001A87BB /* mempool.c in Sources */,
				812650AA1AE4E976001A87BB /* udns_rr_a.c in Sources */,
				812650531AE4E8AA001A87BB /* ring-buffer.c in Sources */,
				8126508B1AE4E941001A87BB /* inspection.c in Sources */,
				812650521AE4E8AA001A87BB /* managed-buffer.c in Sources */,
				812650A91AE4E976001A87BB /* udns_resolver.c in Sources */,
				812650801AE4E926001A87BB /* ipv4_set.c in Sources */,
				8126502C1AE4E810001A87BB /* event.c in Sources */,
				812650731AE4E90E001A87BB /* expanded.c in Sources */,
				812650751AE4E90E001A87BB /* read.c in Sources */,
				812650711AE4E90E001A87BB /* basics.c in Sources */,
				812650CD1AE4E9AB001A87BB /* cache.c in Sources */,
				812650401AE4E892001A87BB /* timestamp.c in Sources */,
				812650741AE4E90E001A87BB /* reachable.c in Sources */,
				812650AC1AE4E976001A87BB /* udns_rr_naptr.c in Sources */,
				812650A11AE4E976001A87BB /* udns_bl.c in Sources */,
				812650831AE4E926001A87BB /* storage.c in Sources */,
				812650621AE4E8D8001A87BB /* files.c in Sources */,
				812650D61AE4E9AB001A87BB /* local.c in Sources */,
				8126507F1AE4E926001A87BB /* inspection.c in Sources */,
				8126504C1AE4E8AA001A87BB /* array.c in Sources */,
				812650A61AE4E976001A87BB /* udns_jran.c in Sources */,
				812650D81AE4E9AB001A87BB /* netutils.c in Sources */,
				812650601AE4E8D8001A87BB /* env.c in Sources */,
				8126508D1AE4E941001A87BB /* ipv6_map.c in Sources */,
				8126503E1AE4E892001A87BB /* ip-address.c in Sources */,
				8126503A1AE4E892001A87BB /* allocator.c in Sources */,
				812650811AE4E926001A87BB /* ipv6_set.c in Sources */,
				8126502A1AE4E810001A87BB /* ev.c in Sources */,
				812650D01AE4E9AB001A87BB /* encrypt.c in Sources */,
				8126507E1AE4E926001A87BB /* allocation.c in Sources */,
				812650501AE4E8AA001A87BB /* file-stream.c in Sources */,
				812650511AE4E8AA001A87BB /* hash-table.c in Sources */,
				812650B01AE4E976001A87BB /* udns_XtoX.c in Sources */,
				812650571AE4E8BF001A87BB /* thread.c in Sources */,
				812650A71AE4E976001A87BB /* udns_misc.c in Sources */,
				812650641AE4E8D8001A87BB /* subprocess.c in Sources */,
				812650AF1AE4E976001A87BB /* udns_rr_txt.c in Sources */,
				8126504E1AE4E8AA001A87BB /* buffer.c in Sources */,
				812650721AE4E90E001A87BB /* bdd-iterator.c in Sources */,
				812650631AE4E8D8001A87BB /* process.c in Sources */,
				812650DA1AE4E9AB001A87BB /* resolv.c in Sources */,
				8126508E1AE4E941001A87BB /* storage.c in Sources */,
				8126505F1AE4E8D8001A87BB /* directory-walker.c in Sources */,
				812650701AE4E90E001A87BB /* assignments.c in Sources */,
				812650541AE4E8AA001A87BB /* slice.c in Sources */,
				812650301AE4E87A001A87BB /* commands.c in Sources */,
				812650A31AE4E976001A87BB /* udns_dn.c in Sources */,
				812650671AE4E8F5001A87BB /* general.c in Sources */,
				812650DE1AE4E9AB001A87BB /* udprelay.c in Sources */,
				812650A21AE4E976001A87BB /* udns_codes.c in Sources */,
				8126504D1AE4E8AA001A87BB /* bitset.c in Sources */,
				812650D41AE4E9AB001A87BB /* json.c in Sources */,
				812650AE1AE4E976001A87BB /* udns_rr_srv.c in Sources */,
				8126508A1AE4E941001A87BB /* allocation.c in Sources */,
				812650761AE4E90E001A87BB /* write.c in Sources */,
				812650E11AE4E9AB001A87BB /* utils.c in Sources */,
				812650AB1AE4E976001A87BB /* udns_rr_mx.c in Sources */,
				812650A81AE4E976001A87BB /* udns_parse.c in Sources */,
				812650411AE4E892001A87BB /* u128.c in Sources */,
				8126503B1AE4E892001A87BB /* error.c in Sources */,
				812650CB1AE4E9AB001A87BB /* acl.c in Sources */,
				812650611AE4E8D8001A87BB /* exec.c in Sources */,
				812650A51AE4E976001A87BB /* udns_init.c in Sources */,
				8126503C1AE4E892001A87BB /* gc.c in Sources */,
				812650D21AE4E9AB001A87BB /* jconf.c in Sources */,
				812650821AE4E926001A87BB /* iterator.c in Sources */,
				8126504F1AE4E8AA001A87BB /* dllist.c in Sources */,
				812650A41AE4E976001A87BB /* udns_dntosp.c in Sources */,
				8126503D1AE4E892001A87BB /* hash.c in Sources */,
				8126508C1AE4E941001A87BB /* ipv4_map.c in Sources */,
			);
			runOnlyForDeploymentPostprocessing = 0;
		};
/* End PBXSourcesBuildPhase section */

/* Begin XCBuildConfiguration section */
		812650191AE4E7A7001A87BB /* Debug */ = {
			isa = XCBuildConfiguration;
			buildSettings = {
				ALWAYS_SEARCH_USER_PATHS = NO;
				CLANG_CXX_LANGUAGE_STANDARD = "gnu++0x";
				CLANG_CXX_LIBRARY = "libc++";
				CLANG_ENABLE_MODULES = YES;
				CLANG_ENABLE_OBJC_ARC = YES;
				CLANG_WARN_BOOL_CONVERSION = YES;
				CLANG_WARN_CONSTANT_CONVERSION = YES;
				CLANG_WARN_DIRECT_OBJC_ISA_USAGE = YES_ERROR;
				CLANG_WARN_EMPTY_BODY = YES;
				CLANG_WARN_ENUM_CONVERSION = YES;
				CLANG_WARN_INT_CONVERSION = YES;
				CLANG_WARN_OBJC_ROOT_CLASS = YES_ERROR;
				CLANG_WARN_UNREACHABLE_CODE = YES;
				CLANG_WARN__DUPLICATE_METHOD_MATCH = YES;
				COPY_PHASE_STRIP = NO;
				DEBUG_INFORMATION_FORMAT = dwarf;
				ENABLE_STRICT_OBJC_MSGSEND = YES;
				GCC_C_LANGUAGE_STANDARD = gnu99;
				GCC_DYNAMIC_NO_PIC = NO;
				GCC_NO_COMMON_BLOCKS = YES;
				GCC_OPTIMIZATION_LEVEL = 0;
				GCC_PREPROCESSOR_DEFINITIONS = (
					"DEBUG=1",
					"$(inherited)",
				);
				GCC_SYMBOLS_PRIVATE_EXTERN = NO;
				GCC_WARN_64_TO_32_BIT_CONVERSION = YES;
				GCC_WARN_ABOUT_RETURN_TYPE = YES_ERROR;
				GCC_WARN_UNDECLARED_SELECTOR = YES;
				GCC_WARN_UNINITIALIZED_AUTOS = YES_AGGRESSIVE;
				GCC_WARN_UNUSED_FUNCTION = YES;
				GCC_WARN_UNUSED_VARIABLE = YES;
				MACOSX_DEPLOYMENT_TARGET = 10.10;
				MTL_ENABLE_DEBUG_INFO = YES;
				ONLY_ACTIVE_ARCH = YES;
				SDKROOT = macosx;
			};
			name = Debug;
		};
		8126501A1AE4E7A7001A87BB /* Release */ = {
			isa = XCBuildConfiguration;
			buildSettings = {
				ALWAYS_SEARCH_USER_PATHS = NO;
				CLANG_CXX_LANGUAGE_STANDARD = "gnu++0x";
				CLANG_CXX_LIBRARY = "libc++";
				CLANG_ENABLE_MODULES = YES;
				CLANG_ENABLE_OBJC_ARC = YES;
				CLANG_WARN_BOOL_CONVERSION = YES;
				CLANG_WARN_CONSTANT_CONVERSION = YES;
				CLANG_WARN_DIRECT_OBJC_ISA_USAGE = YES_ERROR;
				CLANG_WARN_EMPTY_BODY = YES;
				CLANG_WARN_ENUM_CONVERSION = YES;
				CLANG_WARN_INT_CONVERSION = YES;
				CLANG_WARN_OBJC_ROOT_CLASS = YES_ERROR;
				CLANG_WARN_UNREACHABLE_CODE = YES;
				CLANG_WARN__DUPLICATE_METHOD_MATCH = YES;
				COPY_PHASE_STRIP = NO;
				DEBUG_INFORMATION_FORMAT = "dwarf-with-dsym";
				ENABLE_NS_ASSERTIONS = NO;
				ENABLE_STRICT_OBJC_MSGSEND = YES;
				GCC_C_LANGUAGE_STANDARD = gnu99;
				GCC_NO_COMMON_BLOCKS = YES;
				GCC_WARN_64_TO_32_BIT_CONVERSION = YES;
				GCC_WARN_ABOUT_RETURN_TYPE = YES_ERROR;
				GCC_WARN_UNDECLARED_SELECTOR = YES;
				GCC_WARN_UNINITIALIZED_AUTOS = YES_AGGRESSIVE;
				GCC_WARN_UNUSED_FUNCTION = YES;
				GCC_WARN_UNUSED_VARIABLE = YES;
				MACOSX_DEPLOYMENT_TARGET = 10.10;
				MTL_ENABLE_DEBUG_INFO = NO;
				SDKROOT = macosx;
			};
			name = Release;
		};
		8126501C1AE4E7A7001A87BB /* Debug */ = {
			isa = XCBuildConfiguration;
			buildSettings = {
				EXECUTABLE_PREFIX = lib;
				IPHONEOS_DEPLOYMENT_TARGET = 7.0;
				LIBRARY_SEARCH_PATHS = (
					"$(inherited)",
					"$(PROJECT_DIR)/shadowsocks-libev/openssl/lib",
				);
				OTHER_CFLAGS = (
					"-DHAVE_CONFIG_H",
					"-DUSE_CRYPTO_OPENSSL",
					"-DLIB_ONLY",
					"-DUDPRELAY_LOCAL",
				);
				PRODUCT_NAME = "$(TARGET_NAME)";
				SDKROOT = iphoneos;
				USER_HEADER_SEARCH_PATHS = "$SOURCE_ROOT/shadowsocks-libev/libcork/include $SOURCE_ROOT/shadowsocks-libev/libipset/include $SOURCE_ROOT/shadowsocks-libev/openssl/include";
			};
			name = Debug;
		};
		8126501D1AE4E7A7001A87BB /* Release */ = {
			isa = XCBuildConfiguration;
			buildSettings = {
				EXECUTABLE_PREFIX = lib;
				IPHONEOS_DEPLOYMENT_TARGET = 7.0;
				LIBRARY_SEARCH_PATHS = (
					"$(inherited)",
					"$(PROJECT_DIR)/shadowsocks-libev/openssl/lib",
				);
				OTHER_CFLAGS = (
					"-DHAVE_CONFIG_H",
					"-DUSE_CRYPTO_OPENSSL",
					"-DLIB_ONLY",
					"-DUDPRELAY_LOCAL",
				);
				PRODUCT_NAME = "$(TARGET_NAME)";
				SDKROOT = iphoneos;
				USER_HEADER_SEARCH_PATHS = "$SOURCE_ROOT/shadowsocks-libev/libcork/include $SOURCE_ROOT/shadowsocks-libev/libipset/include $SOURCE_ROOT/shadowsocks-libev/openssl/include";
			};
			name = Release;
		};
/* End XCBuildConfiguration section */

/* Begin XCConfigurationList section */
		812650121AE4E7A7001A87BB /* Build configuration list for PBXProject "shadowsocks-libev" */ = {
			isa = XCConfigurationList;
			buildConfigurations = (
				812650191AE4E7A7001A87BB /* Debug */,
				8126501A1AE4E7A7001A87BB /* Release */,
			);
			defaultConfigurationIsVisible = 0;
			defaultConfigurationName = Release;
		};
		8126501B1AE4E7A7001A87BB /* Build configuration list for PBXNativeTarget "shadowsocks-libev" */ = {
			isa = XCConfigurationList;
			buildConfigurations = (
				8126501C1AE4E7A7001A87BB /* Debug */,
				8126501D1AE4E7A7001A87BB /* Release */,
			);
			defaultConfigurationIsVisible = 0;
			defaultConfigurationName = Release;
		};
/* End XCConfigurationList section */
	};
	rootObject = 8126500F1AE4E7A7001A87BB /* Project object */;
}
